// !$*UTF8*$!
{
	archiveVersion = 1;
	classes = {
	};
	objectVersion = 56;
	objects = {

/* Begin PBXBuildFile section */
		F7461BE928FE767A00FEF144 /* NaturalLanguageTutorialApp.swift in Sources */ = {isa = PBXBuildFile; fileRef = F7461BE828FE767A00FEF144 /* NaturalLanguageTutorialApp.swift */; };
		F7461BEB28FE767A00FEF144 /* ContentView.swift in Sources */ = {isa = PBXBuildFile; fileRef = F7461BEA28FE767A00FEF144 /* ContentView.swift */; };
		F7461BED28FE767D00FEF144 /* Assets.xcassets in Resources */ = {isa = PBXBuildFile; fileRef = F7461BEC28FE767D00FEF144 /* Assets.xcassets */; };
		F7461BF028FE767D00FEF144 /* Preview Assets.xcassets in Resources */ = {isa = PBXBuildFile; fileRef = F7461BEF28FE767D00FEF144 /* Preview Assets.xcassets */; };
		F7461BF728FE7C4400FEF144 /* Tokenization.swift in Sources */ = {isa = PBXBuildFile; fileRef = F7461BF628FE7C4400FEF144 /* Tokenization.swift */; };
		F7461BF928FE7C4E00FEF144 /* Lemmatization.swift in Sources */ = {isa = PBXBuildFile; fileRef = F7461BF828FE7C4E00FEF144 /* Lemmatization.swift */; };
		F7461BFB28FE7C5B00FEF144 /* PartOfSpeech.swift in Sources */ = {isa = PBXBuildFile; fileRef = F7461BFA28FE7C5B00FEF144 /* PartOfSpeech.swift */; };
		F7461BFD28FE7C6600FEF144 /* LanguageDetection.swift in Sources */ = {isa = PBXBuildFile; fileRef = F7461BFC28FE7C6600FEF144 /* LanguageDetection.swift */; };
		F7461BFF28FE7C7400FEF144 /* SpellChecking.swift in Sources */ = {isa = PBXBuildFile; fileRef = F7461BFE28FE7C7400FEF144 /* SpellChecking.swift */; };
		F7461C0128FE7C9000FEF144 /* NamedEntity.swift in Sources */ = {isa = PBXBuildFile; fileRef = F7461C0028FE7C9000FEF144 /* NamedEntity.swift */; };
		F7461C0328FE7CA000FEF144 /* TextClassification.swift in Sources */ = {isa = PBXBuildFile; fileRef = F7461C0228FE7CA000FEF144 /* TextClassification.swift */; };
		F7461C0528FE7CA900FEF144 /* WordEmbeddings.swift in Sources */ = {isa = PBXBuildFile; fileRef = F7461C0428FE7CA900FEF144 /* WordEmbeddings.swift */; };
		F7461C0728FE7CCC00FEF144 /* Introduction.swift in Sources */ = {isa = PBXBuildFile; fileRef = F7461C0628FE7CCC00FEF144 /* Introduction.swift */; };
		F7461C1328FE81E300FEF144 /* IntroductionViewModel.swift in Sources */ = {isa = PBXBuildFile; fileRef = F7461C1228FE81E300FEF144 /* IntroductionViewModel.swift */; };
		F7461C1528FE81F100FEF144 /* TokenizationViewModel.swift in Sources */ = {isa = PBXBuildFile; fileRef = F7461C1428FE81F100FEF144 /* TokenizationViewModel.swift */; };
		F7461C1728FE81FA00FEF144 /* LemmatizationViewModel.swift in Sources */ = {isa = PBXBuildFile; fileRef = F7461C1628FE81FA00FEF144 /* LemmatizationViewModel.swift */; };
		F7461C1928FE820300FEF144 /* PartOfSpeechViewModel.swift in Sources */ = {isa = PBXBuildFile; fileRef = F7461C1828FE820300FEF144 /* PartOfSpeechViewModel.swift */; };
		F7461C1B28FE820D00FEF144 /* LanguageDetectionViewModel.swift in Sources */ = {isa = PBXBuildFile; fileRef = F7461C1A28FE820D00FEF144 /* LanguageDetectionViewModel.swift */; };
		F7461C1D28FE821500FEF144 /* SpellCheckingViewModel.swift in Sources */ = {isa = PBXBuildFile; fileRef = F7461C1C28FE821500FEF144 /* SpellCheckingViewModel.swift */; };
		F7461C1F28FE821B00FEF144 /* NamedEntityViewModel.swift in Sources */ = {isa = PBXBuildFile; fileRef = F7461C1E28FE821B00FEF144 /* NamedEntityViewModel.swift */; };
		F7461C2128FE822500FEF144 /* TextClassificationViewModel.swift in Sources */ = {isa = PBXBuildFile; fileRef = F7461C2028FE822500FEF144 /* TextClassificationViewModel.swift */; };
		F7461C2328FE823600FEF144 /* WordEmbeddingsViewModel.swift in Sources */ = {isa = PBXBuildFile; fileRef = F7461C2228FE823600FEF144 /* WordEmbeddingsViewModel.swift */; };
/* End PBXBuildFile section */

/* Begin PBXFileReference section */
		F7461BE528FE767A00FEF144 /* NaturalLanguageTutorial.app */ = {isa = PBXFileReference; explicitFileType = wrapper.application; includeInIndex = 0; path = NaturalLanguageTutorial.app; sourceTree = BUILT_PRODUCTS_DIR; };
		F7461BE828FE767A00FEF144 /* NaturalLanguageTutorialApp.swift */ = {isa = PBXFileReference; lastKnownFileType = sourcecode.swift; path = NaturalLanguageTutorialApp.swift; sourceTree = "<group>"; };
		F7461BEA28FE767A00FEF144 /* ContentView.swift */ = {isa = PBXFileReference; lastKnownFileType = sourcecode.swift; path = ContentView.swift; sourceTree = "<group>"; };
		F7461BEC28FE767D00FEF144 /* Assets.xcassets */ = {isa = PBXFileReference; lastKnownFileType = folder.assetcatalog; path = Assets.xcassets; sourceTree = "<group>"; };
		F7461BEF28FE767D00FEF144 /* Preview Assets.xcassets */ = {isa = PBXFileReference; lastKnownFileType = folder.assetcatalog; path = "Preview Assets.xcassets"; sourceTree = "<group>"; };
		F7461BF628FE7C4400FEF144 /* Tokenization.swift */ = {isa = PBXFileReference; lastKnownFileType = sourcecode.swift; path = Tokenization.swift; sourceTree = "<group>"; };
		F7461BF828FE7C4E00FEF144 /* Lemmatization.swift */ = {isa = PBXFileReference; lastKnownFileType = sourcecode.swift; path = Lemmatization.swift; sourceTree = "<group>"; };
		F7461BFA28FE7C5B00FEF144 /* PartOfSpeech.swift */ = {isa = PBXFileReference; lastKnownFileType = sourcecode.swift; path = PartOfSpeech.swift; sourceTree = "<group>"; };
		F7461BFC28FE7C6600FEF144 /* LanguageDetection.swift */ = {isa = PBXFileReference; lastKnownFileType = sourcecode.swift; path = LanguageDetection.swift; sourceTree = "<group>"; };
		F7461BFE28FE7C7400FEF144 /* SpellChecking.swift */ = {isa = PBXFileReference; lastKnownFileType = sourcecode.swift; path = SpellChecking.swift; sourceTree = "<group>"; };
		F7461C0028FE7C9000FEF144 /* NamedEntity.swift */ = {isa = PBXFileReference; lastKnownFileType = sourcecode.swift; path = NamedEntity.swift; sourceTree = "<group>"; };
		F7461C0228FE7CA000FEF144 /* TextClassification.swift */ = {isa = PBXFileReference; lastKnownFileType = sourcecode.swift; path = TextClassification.swift; sourceTree = "<group>"; };
		F7461C0428FE7CA900FEF144 /* WordEmbeddings.swift */ = {isa = PBXFileReference; lastKnownFileType = sourcecode.swift; path = WordEmbeddings.swift; sourceTree = "<group>"; };
		F7461C0628FE7CCC00FEF144 /* Introduction.swift */ = {isa = PBXFileReference; lastKnownFileType = sourcecode.swift; path = Introduction.swift; sourceTree = "<group>"; };
		F7461C1228FE81E300FEF144 /* IntroductionViewModel.swift */ = {isa = PBXFileReference; lastKnownFileType = sourcecode.swift; path = IntroductionViewModel.swift; sourceTree = "<group>"; };
		F7461C1428FE81F100FEF144 /* TokenizationViewModel.swift */ = {isa = PBXFileReference; lastKnownFileType = sourcecode.swift; path = TokenizationViewModel.swift; sourceTree = "<group>"; };
		F7461C1628FE81FA00FEF144 /* LemmatizationViewModel.swift */ = {isa = PBXFileReference; lastKnownFileType = sourcecode.swift; path = LemmatizationViewModel.swift; sourceTree = "<group>"; };
		F7461C1828FE820300FEF144 /* PartOfSpeechViewModel.swift */ = {isa = PBXFileReference; lastKnownFileType = sourcecode.swift; path = PartOfSpeechViewModel.swift; sourceTree = "<group>"; };
		F7461C1A28FE820D00FEF144 /* LanguageDetectionViewModel.swift */ = {isa = PBXFileReference; lastKnownFileType = sourcecode.swift; path = LanguageDetectionViewModel.swift; sourceTree = "<group>"; };
		F7461C1C28FE821500FEF144 /* SpellCheckingViewModel.swift */ = {isa = PBXFileReference; lastKnownFileType = sourcecode.swift; path = SpellCheckingViewModel.swift; sourceTree = "<group>"; };
		F7461C1E28FE821B00FEF144 /* NamedEntityViewModel.swift */ = {isa = PBXFileReference; lastKnownFileType = sourcecode.swift; path = NamedEntityViewModel.swift; sourceTree = "<group>"; };
		F7461C2028FE822500FEF144 /* TextClassificationViewModel.swift */ = {isa = PBXFileReference; lastKnownFileType = sourcecode.swift; path = TextClassificationViewModel.swift; sourceTree = "<group>"; };
		F7461C2228FE823600FEF144 /* WordEmbeddingsViewModel.swift */ = {isa = PBXFileReference; lastKnownFileType = sourcecode.swift; path = WordEmbeddingsViewModel.swift; sourceTree = "<group>"; };
/* End PBXFileReference section */

/* Begin PBXFrameworksBuildPhase section */
		F7461BE228FE767A00FEF144 /* Frameworks */ = {
			isa = PBXFrameworksBuildPhase;
			buildActionMask = 2147483647;
			files = (
			);
			runOnlyForDeploymentPostprocessing = 0;
		};
/* End PBXFrameworksBuildPhase section */

/* Begin PBXGroup section */
		F7461BDC28FE767A00FEF144 = {
			isa = PBXGroup;
			children = (
				F7461BE728FE767A00FEF144 /* NaturalLanguageTutorial */,
				F7461BE628FE767A00FEF144 /* Products */,
			);
			sourceTree = "<group>";
		};
		F7461BE628FE767A00FEF144 /* Products */ = {
			isa = PBXGroup;
			children = (
				F7461BE528FE767A00FEF144 /* NaturalLanguageTutorial.app */,
			);
			name = Products;
			sourceTree = "<group>";
		};
		F7461BE728FE767A00FEF144 /* NaturalLanguageTutorial */ = {
			isa = PBXGroup;
			children = (
				F7461BE828FE767A00FEF144 /* NaturalLanguageTutorialApp.swift */,
				F7461BEA28FE767A00FEF144 /* ContentView.swift */,
				F7461C0828FE813900FEF144 /* Introduction */,
				F7461C0928FE814000FEF144 /* Tokenization */,
				F7461C1028FE815E00FEF144 /* Lemmatization */,
				F7461C0F28FE815C00FEF144 /* PartOfSpeech */,
				F7461C0E28FE815900FEF144 /* LanguageDetection */,
				F7461C0D28FE815600FEF144 /* SpellChecking */,
				F7461C0C28FE815100FEF144 /* NamedEntity */,
				F7461C0A28FE814300FEF144 /* TextClassification */,
				F7461C1128FE81B800FEF144 /* WordEmbeddings */,
				F7461BEC28FE767D00FEF144 /* Assets.xcassets */,
				F7461BEE28FE767D00FEF144 /* Preview Content */,
			);
			path = NaturalLanguageTutorial;
			sourceTree = "<group>";
		};
		F7461BEE28FE767D00FEF144 /* Preview Content */ = {
			isa = PBXGroup;
			children = (
				F7461BEF28FE767D00FEF144 /* Preview Assets.xcassets */,
			);
			path = "Preview Content";
			sourceTree = "<group>";
		};
		F7461C0828FE813900FEF144 /* Introduction */ = {
			isa = PBXGroup;
			children = (
				F7461C0628FE7CCC00FEF144 /* Introduction.swift */,
				F7461C1228FE81E300FEF144 /* IntroductionViewModel.swift */,
			);
			path = Introduction;
			sourceTree = "<group>";
		};
		F7461C0928FE814000FEF144 /* Tokenization */ = {
			isa = PBXGroup;
			children = (
				F7461BF628FE7C4400FEF144 /* Tokenization.swift */,
				F7461C1428FE81F100FEF144 /* TokenizationViewModel.swift */,
			);
			path = Tokenization;
			sourceTree = "<group>";
		};
		F7461C0A28FE814300FEF144 /* TextClassification */ = {
			isa = PBXGroup;
			children = (
				F7461C0228FE7CA000FEF144 /* TextClassification.swift */,
				F7461C2028FE822500FEF144 /* TextClassificationViewModel.swift */,
			);
			path = TextClassification;
			sourceTree = "<group>";
		};
		F7461C0C28FE815100FEF144 /* NamedEntity */ = {
			isa = PBXGroup;
			children = (
				F7461C0028FE7C9000FEF144 /* NamedEntity.swift */,
				F7461C1E28FE821B00FEF144 /* NamedEntityViewModel.swift */,
			);
			path = NamedEntity;
			sourceTree = "<group>";
		};
		F7461C0D28FE815600FEF144 /* SpellChecking */ = {
			isa = PBXGroup;
			children = (
				F7461BFE28FE7C7400FEF144 /* SpellChecking.swift */,
				F7461C1C28FE821500FEF144 /* SpellCheckingViewModel.swift */,
			);
			path = SpellChecking;
			sourceTree = "<group>";
		};
		F7461C0E28FE815900FEF144 /* LanguageDetection */ = {
			isa = PBXGroup;
			children = (
				F7461BFC28FE7C6600FEF144 /* LanguageDetection.swift */,
				F7461C1A28FE820D00FEF144 /* LanguageDetectionViewModel.swift */,
			);
			path = LanguageDetection;
			sourceTree = "<group>";
		};
		F7461C0F28FE815C00FEF144 /* PartOfSpeech */ = {
			isa = PBXGroup;
			children = (
				F7461BFA28FE7C5B00FEF144 /* PartOfSpeech.swift */,
				F7461C1828FE820300FEF144 /* PartOfSpeechViewModel.swift */,
			);
			path = PartOfSpeech;
			sourceTree = "<group>";
		};
		F7461C1028FE815E00FEF144 /* Lemmatization */ = {
			isa = PBXGroup;
			children = (
				F7461BF828FE7C4E00FEF144 /* Lemmatization.swift */,
				F7461C1628FE81FA00FEF144 /* LemmatizationViewModel.swift */,
			);
			path = Lemmatization;
			sourceTree = "<group>";
		};
		F7461C1128FE81B800FEF144 /* WordEmbeddings */ = {
			isa = PBXGroup;
			children = (
				F7461C0428FE7CA900FEF144 /* WordEmbeddings.swift */,
				F7461C2228FE823600FEF144 /* WordEmbeddingsViewModel.swift */,
			);
			path = WordEmbeddings;
			sourceTree = "<group>";
		};
/* End PBXGroup section */

/* Begin PBXNativeTarget section */
		F7461BE428FE767A00FEF144 /* NaturalLanguageTutorial */ = {
			isa = PBXNativeTarget;
			buildConfigurationList = F7461BF328FE767D00FEF144 /* Build configuration list for PBXNativeTarget "NaturalLanguageTutorial" */;
			buildPhases = (
				F7461BE128FE767A00FEF144 /* Sources */,
				F7461BE228FE767A00FEF144 /* Frameworks */,
				F7461BE328FE767A00FEF144 /* Resources */,
			);
			buildRules = (
			);
			dependencies = (
			);
			name = NaturalLanguageTutorial;
			productName = NaturalLanguageTutorial;
			productReference = F7461BE528FE767A00FEF144 /* NaturalLanguageTutorial.app */;
			productType = "com.apple.product-type.application";
		};
/* End PBXNativeTarget section */

/* Begin PBXProject section */
		F7461BDD28FE767A00FEF144 /* Project object */ = {
			isa = PBXProject;
			attributes = {
				BuildIndependentTargetsInParallel = 1;
				LastSwiftUpdateCheck = 1400;
				LastUpgradeCheck = 1400;
				TargetAttributes = {
					F7461BE428FE767A00FEF144 = {
						CreatedOnToolsVersion = 14.0;
					};
				};
			};
			buildConfigurationList = F7461BE028FE767A00FEF144 /* Build configuration list for PBXProject "NaturalLanguageTutorial" */;
			compatibilityVersion = "Xcode 14.0";
			developmentRegion = en;
			hasScannedForEncodings = 0;
			knownRegions = (
				en,
				Base,
			);
			mainGroup = F7461BDC28FE767A00FEF144;
			productRefGroup = F7461BE628FE767A00FEF144 /* Products */;
			projectDirPath = "";
			projectRoot = "";
			targets = (
				F7461BE428FE767A00FEF144 /* NaturalLanguageTutorial */,
			);
		};
/* End PBXProject section */

/* Begin PBXResourcesBuildPhase section */
		F7461BE328FE767A00FEF144 /* Resources */ = {
			isa = PBXResourcesBuildPhase;
			buildActionMask = 2147483647;
			files = (
				F7461BF028FE767D00FEF144 /* Preview Assets.xcassets in Resources */,
				F7461BED28FE767D00FEF144 /* Assets.xcassets in Resources */,
			);
			runOnlyForDeploymentPostprocessing = 0;
		};
/* End PBXResourcesBuildPhase section */

/* Begin PBXSourcesBuildPhase section */
		F7461BE128FE767A00FEF144 /* Sources */ = {
			isa = PBXSourcesBuildPhase;
			buildActionMask = 2147483647;
			files = (
				F7461C0728FE7CCC00FEF144 /* Introduction.swift in Sources */,
				F7461BF928FE7C4E00FEF144 /* Lemmatization.swift in Sources */,
				F7461C2128FE822500FEF144 /* TextClassificationViewModel.swift in Sources */,
				F7461BF728FE7C4400FEF144 /* Tokenization.swift in Sources */,
				F7461BEB28FE767A00FEF144 /* ContentView.swift in Sources */,
				F7461C1B28FE820D00FEF144 /* LanguageDetectionViewModel.swift in Sources */,
				F7461C2328FE823600FEF144 /* WordEmbeddingsViewModel.swift in Sources */,
				F7461C0328FE7CA000FEF144 /* TextClassification.swift in Sources */,
				F7461BFF28FE7C7400FEF144 /* SpellChecking.swift in Sources */,
				F7461BFD28FE7C6600FEF144 /* LanguageDetection.swift in Sources */,
				F7461BE928FE767A00FEF144 /* NaturalLanguageTutorialApp.swift in Sources */,
				F7461C1328FE81E300FEF144 /* IntroductionViewModel.swift in Sources */,
				F7461C1528FE81F100FEF144 /* TokenizationViewModel.swift in Sources */,
				F7461C0128FE7C9000FEF144 /* NamedEntity.swift in Sources */,
				F7461BFB28FE7C5B00FEF144 /* PartOfSpeech.swift in Sources */,
				F7461C1D28FE821500FEF144 /* SpellCheckingViewModel.swift in Sources */,
				F7461C0528FE7CA900FEF144 /* WordEmbeddings.swift in Sources */,
				F7461C1F28FE821B00FEF144 /* NamedEntityViewModel.swift in Sources */,
				F7461C1928FE820300FEF144 /* PartOfSpeechViewModel.swift in Sources */,
				F7461C1728FE81FA00FEF144 /* LemmatizationViewModel.swift in Sources */,
			);
			runOnlyForDeploymentPostprocessing = 0;
		};
/* End PBXSourcesBuildPhase section */

/* Begin XCBuildConfiguration section */
		F7461BF128FE767D00FEF144 /* Debug */ = {
			isa = XCBuildConfiguration;
			buildSettings = {
				ALWAYS_SEARCH_USER_PATHS = NO;
				CLANG_ANALYZER_NONNULL = YES;
				CLANG_ANALYZER_NUMBER_OBJECT_CONVERSION = YES_AGGRESSIVE;
				CLANG_CXX_LANGUAGE_STANDARD = "gnu++20";
				CLANG_ENABLE_MODULES = YES;
				CLANG_ENABLE_OBJC_ARC = YES;
				CLANG_ENABLE_OBJC_WEAK = YES;
				CLANG_WARN_BLOCK_CAPTURE_AUTORELEASING = YES;
				CLANG_WARN_BOOL_CONVERSION = YES;
				CLANG_WARN_COMMA = YES;
				CLANG_WARN_CONSTANT_CONVERSION = YES;
				CLANG_WARN_DEPRECATED_OBJC_IMPLEMENTATIONS = YES;
				CLANG_WARN_DIRECT_OBJC_ISA_USAGE = YES_ERROR;
				CLANG_WARN_DOCUMENTATION_COMMENTS = YES;
				CLANG_WARN_EMPTY_BODY = YES;
				CLANG_WARN_ENUM_CONVERSION = YES;
				CLANG_WARN_INFINITE_RECURSION = YES;
				CLANG_WARN_INT_CONVERSION = YES;
				CLANG_WARN_NON_LITERAL_NULL_CONVERSION = YES;
				CLANG_WARN_OBJC_IMPLICIT_RETAIN_SELF = YES;
				CLANG_WARN_OBJC_LITERAL_CONVERSION = YES;
				CLANG_WARN_OBJC_ROOT_CLASS = YES_ERROR;
				CLANG_WARN_QUOTED_INCLUDE_IN_FRAMEWORK_HEADER = YES;
				CLANG_WARN_RANGE_LOOP_ANALYSIS = YES;
				CLANG_WARN_STRICT_PROTOTYPES = YES;
				CLANG_WARN_SUSPICIOUS_MOVE = YES;
				CLANG_WARN_UNGUARDED_AVAILABILITY = YES_AGGRESSIVE;
				CLANG_WARN_UNREACHABLE_CODE = YES;
				CLANG_WARN__DUPLICATE_METHOD_MATCH = YES;
				COPY_PHASE_STRIP = NO;
				DEBUG_INFORMATION_FORMAT = dwarf;
				ENABLE_STRICT_OBJC_MSGSEND = YES;
				ENABLE_TESTABILITY = YES;
				GCC_C_LANGUAGE_STANDARD = gnu11;
				GCC_DYNAMIC_NO_PIC = NO;
				GCC_NO_COMMON_BLOCKS = YES;
				GCC_OPTIMIZATION_LEVEL = 0;
				GCC_PREPROCESSOR_DEFINITIONS = (
					"DEBUG=1",
					"$(inherited)",
				);
				GCC_WARN_64_TO_32_BIT_CONVERSION = YES;
				GCC_WARN_ABOUT_RETURN_TYPE = YES_ERROR;
				GCC_WARN_UNDECLARED_SELECTOR = YES;
				GCC_WARN_UNINITIALIZED_AUTOS = YES_AGGRESSIVE;
				GCC_WARN_UNUSED_FUNCTION = YES;
				GCC_WARN_UNUSED_VARIABLE = YES;
				IPHONEOS_DEPLOYMENT_TARGET = 16.0;
				MTL_ENABLE_DEBUG_INFO = INCLUDE_SOURCE;
				MTL_FAST_MATH = YES;
				ONLY_ACTIVE_ARCH = YES;
				SDKROOT = iphoneos;
				SWIFT_ACTIVE_COMPILATION_CONDITIONS = DEBUG;
				SWIFT_OPTIMIZATION_LEVEL = "-Onone";
			};
			name = Debug;
		};
		F7461BF228FE767D00FEF144 /* Release */ = {
			isa = XCBuildConfiguration;
			buildSettings = {
				ALWAYS_SEARCH_USER_PATHS = NO;
				CLANG_ANALYZER_NONNULL = YES;
				CLANG_ANALYZER_NUMBER_OBJECT_CONVERSION = YES_AGGRESSIVE;
				CLANG_CXX_LANGUAGE_STANDARD = "gnu++20";
				CLANG_ENABLE_MODULES = YES;
				CLANG_ENABLE_OBJC_ARC = YES;
				CLANG_ENABLE_OBJC_WEAK = YES;
				CLANG_WARN_BLOCK_CAPTURE_AUTORELEASING = YES;
				CLANG_WARN_BOOL_CONVERSION = YES;
				CLANG_WARN_COMMA = YES;
				CLANG_WARN_CONSTANT_CONVERSION = YES;
				CLANG_WARN_DEPRECATED_OBJC_IMPLEMENTATIONS = YES;
				CLANG_WARN_DIRECT_OBJC_ISA_USAGE = YES_ERROR;
				CLANG_WARN_DOCUMENTATION_COMMENTS = YES;
				CLANG_WARN_EMPTY_BODY = YES;
				CLANG_WARN_ENUM_CONVERSION = YES;
				CLANG_WARN_INFINITE_RECURSION = YES;
				CLANG_WARN_INT_CONVERSION = YES;
				CLANG_WARN_NON_LITERAL_NULL_CONVERSION = YES;
				CLANG_WARN_OBJC_IMPLICIT_RETAIN_SELF = YES;
				CLANG_WARN_OBJC_LITERAL_CONVERSION = YES;
				CLANG_WARN_OBJC_ROOT_CLASS = YES_ERROR;
				CLANG_WARN_QUOTED_INCLUDE_IN_FRAMEWORK_HEADER = YES;
				CLANG_WARN_RANGE_LOOP_ANALYSIS = YES;
				CLANG_WARN_STRICT_PROTOTYPES = YES;
				CLANG_WARN_SUSPICIOUS_MOVE = YES;
				CLANG_WARN_UNGUARDED_AVAILABILITY = YES_AGGRESSIVE;
				CLANG_WARN_UNREACHABLE_CODE = YES;
				CLANG_WARN__DUPLICATE_METHOD_MATCH = YES;
				COPY_PHASE_STRIP = NO;
				DEBUG_INFORMATION_FORMAT = "dwarf-with-dsym";
				ENABLE_NS_ASSERTIONS = NO;
				ENABLE_STRICT_OBJC_MSGSEND = YES;
				GCC_C_LANGUAGE_STANDARD = gnu11;
				GCC_NO_COMMON_BLOCKS = YES;
				GCC_WARN_64_TO_32_BIT_CONVERSION = YES;
				GCC_WARN_ABOUT_RETURN_TYPE = YES_ERROR;
				GCC_WARN_UNDECLARED_SELECTOR = YES;
				GCC_WARN_UNINITIALIZED_AUTOS = YES_AGGRESSIVE;
				GCC_WARN_UNUSED_FUNCTION = YES;
				GCC_WARN_UNUSED_VARIABLE = YES;
				IPHONEOS_DEPLOYMENT_TARGET = 16.0;
				MTL_ENABLE_DEBUG_INFO = NO;
				MTL_FAST_MATH = YES;
				SDKROOT = iphoneos;
				SWIFT_COMPILATION_MODE = wholemodule;
				SWIFT_OPTIMIZATION_LEVEL = "-O";
				VALIDATE_PRODUCT = YES;
			};
			name = Release;
		};
		F7461BF428FE767D00FEF144 /* Debug */ = {
			isa = XCBuildConfiguration;
			buildSettings = {
				ASSETCATALOG_COMPILER_APPICON_NAME = AppIcon;
				ASSETCATALOG_COMPILER_GLOBAL_ACCENT_COLOR_NAME = AccentColor;
				CODE_SIGN_STYLE = Automatic;
				CURRENT_PROJECT_VERSION = 1;
				DEVELOPMENT_ASSET_PATHS = "\"NaturalLanguageTutorial/Preview Content\"";
				DEVELOPMENT_TEAM = 6P9W97TFSP;
				ENABLE_PREVIEWS = YES;
				GENERATE_INFOPLIST_FILE = YES;
				INFOPLIST_KEY_UIApplicationSceneManifest_Generation = YES;
				INFOPLIST_KEY_UIApplicationSupportsIndirectInputEvents = YES;
				INFOPLIST_KEY_UILaunchScreen_Generation = YES;
				INFOPLIST_KEY_UISupportedInterfaceOrientations = "UIInterfaceOrientationLandscapeLeft UIInterfaceOrientationLandscapeRight";
				INFOPLIST_KEY_UISupportedInterfaceOrientations_iPad = "UIInterfaceOrientationLandscapeLeft UIInterfaceOrientationLandscapeRight UIInterfaceOrientationPortrait UIInterfaceOrientationPortraitUpsideDown";
				LD_RUNPATH_SEARCH_PATHS = (
					"$(inherited)",
					"@executable_path/Frameworks",
				);
				MARKETING_VERSION = 1.0;
				PRODUCT_BUNDLE_IDENTIFIER = ArsagaThompson.NaturalLanguageTutorial;
				PRODUCT_NAME = "$(TARGET_NAME)";
				SUPPORTED_PLATFORMS = "iphoneos iphonesimulator";
				SUPPORTS_MACCATALYST = NO;
				SUPPORTS_MAC_DESIGNED_FOR_IPHONE_IPAD = NO;
				SWIFT_EMIT_LOC_STRINGS = YES;
				SWIFT_VERSION = 5.0;
				TARGETED_DEVICE_FAMILY = 2;
			};
			name = Debug;
		};
		F7461BF528FE767D00FEF144 /* Release */ = {
			isa = XCBuildConfiguration;
			buildSettings = {
				ASSETCATALOG_COMPILER_APPICON_NAME = AppIcon;
				ASSETCATALOG_COMPILER_GLOBAL_ACCENT_COLOR_NAME = AccentColor;
				CODE_SIGN_STYLE = Automatic;
				CURRENT_PROJECT_VERSION = 1;
				DEVELOPMENT_ASSET_PATHS = "\"NaturalLanguageTutorial/Preview Content\"";
				DEVELOPMENT_TEAM = 6P9W97TFSP;
				ENABLE_PREVIEWS = YES;
				GENERATE_INFOPLIST_FILE = YES;
				INFOPLIST_KEY_UIApplicationSceneManifest_Generation = YES;
				INFOPLIST_KEY_UIApplicationSupportsIndirectInputEvents = YES;
				INFOPLIST_KEY_UILaunchScreen_Generation = YES;
				INFOPLIST_KEY_UISupportedInterfaceOrientations = "UIInterfaceOrientationLandscapeLeft UIInterfaceOrientationLandscapeRight";
				INFOPLIST_KEY_UISupportedInterfaceOrientations_iPad = "UIInterfaceOrientationLandscapeLeft UIInterfaceOrientationLandscapeRight UIInterfaceOrientationPortrait UIInterfaceOrientationPortraitUpsideDown";
				LD_RUNPATH_SEARCH_PATHS = (
					"$(inherited)",
					"@executable_path/Frameworks",
				);
				MARKETING_VERSION = 1.0;
				PRODUCT_BUNDLE_IDENTIFIER = ArsagaThompson.NaturalLanguageTutorial;
				PRODUCT_NAME = "$(TARGET_NAME)";
				SUPPORTED_PLATFORMS = "iphoneos iphonesimulator";
				SUPPORTS_MACCATALYST = NO;
				SUPPORTS_MAC_DESIGNED_FOR_IPHONE_IPAD = NO;
				SWIFT_EMIT_LOC_STRINGS = YES;
				SWIFT_VERSION = 5.0;
				TARGETED_DEVICE_FAMILY = 2;
			};
			name = Release;
		};
/* End XCBuildConfiguration section */

/* Begin XCConfigurationList section */
		F7461BE028FE767A00FEF144 /* Build configuration list for PBXProject "NaturalLanguageTutorial" */ = {
			isa = XCConfigurationList;
			buildConfigurations = (
				F7461BF128FE767D00FEF144 /* Debug */,
				F7461BF228FE767D00FEF144 /* Release */,
			);
			defaultConfigurationIsVisible = 0;
			defaultConfigurationName = Release;
		};
		F7461BF328FE767D00FEF144 /* Build configuration list for PBXNativeTarget "NaturalLanguageTutorial" */ = {
			isa = XCConfigurationList;
			buildConfigurations = (
				F7461BF428FE767D00FEF144 /* Debug */,
				F7461BF528FE767D00FEF144 /* Release */,
			);
			defaultConfigurationIsVisible = 0;
			defaultConfigurationName = Release;
		};
/* End XCConfigurationList section */
	};
	rootObject = F7461BDD28FE767A00FEF144 /* Project object */;
}
